
Microsoft Visual Studio Solution File, Format Version 12.00
# Visual Studio Version 16
VisualStudioVersion = 16.0.32228.343
MinimumVisualStudioVersion = 10.0.40219.1
Project("{8BC9CEB8-8B4A-11D0-8D11-00A0C91BC942}") = "MyDX11Starter", "MyDX11Starter\MyDX11Starter.vcxproj", "{62DEEF2A-C31D-4C4A-9F7D-5B06E3565299}"
EndProject
Project("{8BC9CEB8-8B4A-11D0-8D11-00A0C91BC942}") = "A2", "A2\A2.vcxproj", "{8A2BE548-CC33-499D-8D04-646B3FFCB3BE}"
EndProject
Global
	GlobalSection(SolutionConfigurationPlatforms) = preSolution
		Debug|x64 = Debug|x64
		Debug|x86 = Debug|x86
		Release|x64 = Release|x64
		Release|x86 = Release|x86
	EndGlobalSection
	GlobalSection(ProjectConfigurationPlatforms) = postSolution
		{62DEEF2A-C31D-4C4A-9F7D-5B06E3565299}.Debug|x64.ActiveCfg = Debug|x64
		{62DEEF2A-C31D-4C4A-9F7D-5B06E3565299}.Debug|x64.Build.0 = Debug|x64
		{62DEEF2A-C31D-4C4A-9F7D-5B06E3565299}.Debug|x86.ActiveCfg = Debug|Win32
		{62DEEF2A-C31D-4C4A-9F7D-5B06E3565299}.Debug|x86.Build.0 = Debug|Win32
		{62DEEF2A-C31D-4C4A-9F7D-5B06E3565299}.Release|x64.ActiveCfg = Release|x64
		{62DEEF2A-C31D-4C4A-9F7D-5B06E3565299}.Release|x64.Build.0 = Release|x64
		{62DEEF2A-C31D-4C4A-9F7D-5B06E3565299}.Release|x86.ActiveCfg = Release|Win32
		{62DEEF2A-C31D-4C4A-9F7D-5B06E3565299}.Release|x86.Build.0 = Release|Win32
		{8A2BE548-CC33-499D-8D04-646B3FFCB3BE}.Debug|x64.ActiveCfg = Debug|x64
		{8A2BE548-CC33-499D-8D04-646B3FFCB3BE}.Debug|x64.Build.0 = Debug|x64
		{8A2BE548-CC33-499D-8D04-646B3FFCB3BE}.Debug|x86.ActiveCfg = Debug|Win32
		{8A2BE548-CC33-499D-8D04-646B3FFCB3BE}.Debug|x86.Build.0 = Debug|Win32
		{8A2BE548-CC33-499D-8D04-646B3FFCB3BE}.Release|x64.ActiveCfg = Release|x64
		{8A2BE548-CC33-499D-8D04-646B3FFCB3BE}.Release|x64.Build.0 = Release|x64
		{8A2BE548-CC33-499D-8D04-646B3FFCB3BE}.Release|x86.ActiveCfg = Release|Win32
		{8A2BE548-CC33-499D-8D04-646B3FFCB3BE}.Release|x86.Build.0 = Release|Win32
	EndGlobalSection
	GlobalSection(SolutionProperties) = preSolution
		HideSolutionNode = FALSE
	EndGlobalSection
	GlobalSection(ExtensibilityGlobals) = postSolution
		SolutionGuid = {EB6EBC55-2A3A-473B-ACF4-8316E1CEEB8E}
	EndGlobalSection
EndGlobal
